
Microsoft Visual Studio Solution File, Format Version 12.00
# Visual Studio Version 17
VisualStudioVersion = 17.8.34330.188
MinimumVisualStudioVersion = 10.0.40219.1
Project("{9A19103F-16F7-4668-BE54-9A1E7A4F7556}") = "MindBox.CalcSquareLib", "MindBox.CalcSquareLib\MindBox.CalcSquareLib.csproj", "{D1C8B7CD-5559-4DB8-AD4B-650212C31CEE}"
EndProject
Project("{FAE04EC0-301F-11D3-BF4B-00C04F79EFBC}") = "MindBox.Test", "MindBox.Test\MindBox.Test.csproj", "{BC01EA4F-9F8A-42C1-B101-18BDE889B930}"
EndProject
Global
	GlobalSection(SolutionConfigurationPlatforms) = preSolution
		Debug|Any CPU = Debug|Any CPU
		Release|Any CPU = Release|Any CPU
	EndGlobalSection
	GlobalSection(ProjectConfigurationPlatforms) = postSolution
		{D1C8B7CD-5559-4DB8-AD4B-650212C31CEE}.Debug|Any CPU.ActiveCfg = Debug|Any CPU
		{D1C8B7CD-5559-4DB8-AD4B-650212C31CEE}.Debug|Any CPU.Build.0 = Debug|Any CPU
		{D1C8B7CD-5559-4DB8-AD4B-650212C31CEE}.Release|Any CPU.ActiveCfg = Release|Any CPU
		{D1C8B7CD-5559-4DB8-AD4B-650212C31CEE}.Release|Any CPU.Build.0 = Release|Any CPU
		{BC01EA4F-9F8A-42C1-B101-18BDE889B930}.Debug|Any CPU.ActiveCfg = Debug|Any CPU
		{BC01EA4F-9F8A-42C1-B101-18BDE889B930}.Debug|Any CPU.Build.0 = Debug|Any CPU
		{BC01EA4F-9F8A-42C1-B101-18BDE889B930}.Release|Any CPU.ActiveCfg = Release|Any CPU
		{BC01EA4F-9F8A-42C1-B101-18BDE889B930}.Release|Any CPU.Build.0 = Release|Any CPU
	EndGlobalSection
	GlobalSection(SolutionProperties) = preSolution
		HideSolutionNode = FALSE
	EndGlobalSection
	GlobalSection(ExtensibilityGlobals) = postSolution
		SolutionGuid = {0F11300C-C602-4AE0-8053-88EE0F315094}
	EndGlobalSection
EndGlobal
